Microsoft Visual Studio Solution File, Format Version 12.00
# Visual Studio Version 17
VisualStudioVersion = 17.5.2.0
MinimumVisualStudioVersion = 10.0.40219.1
Project("{2150E333-8FDC-42A3-9474-1A3956D46DE8}") = "backend", "backend", "{1AE8ACA6-933B-BF2A-3671-3E2EAC007D16}"
EndProject
Project("{2150E333-8FDC-42A3-9474-1A3956D46DE8}") = "SpeakerNotes.Functions", "SpeakerNotes.Functions", "{2D813135-76FB-3422-95D7-2057CBFC707A}"
EndProject
Project("{FAE04EC0-301F-11D3-BF4B-00C04F79EFBC}") = "SpeakerNotes_Functions", "backend\SpeakerNotes.Functions\SpeakerNotes_Functions.csproj", "{D92E59CD-CDB7-2C24-BA4F-64BDDE2F430B}"
EndProject
Project("{2150E333-8FDC-42A3-9474-1A3956D46DE8}") = "obj", "obj", "{3716EA3A-7620-38CE-873B-6493C57F70F9}"
EndProject
Project("{2150E333-8FDC-42A3-9474-1A3956D46DE8}") = "Debug", "Debug", "{26D521FB-C391-2449-72D3-BAA97D0EBB8A}"
EndProject
Project("{2150E333-8FDC-42A3-9474-1A3956D46DE8}") = "net10.0", "net10.0", "{10261586-8A51-71E7-22E2-8CA8916CBBA2}"
EndProject
Project("{FAE04EC0-301F-11D3-BF4B-00C04F79EFBC}") = "WorkerExtensions", "backend\SpeakerNotes.Functions\obj\Debug\net10.0\WorkerExtensions\WorkerExtensions.csproj", "{41A72CB2-F07D-27B4-2BB6-497693BBB488}"
EndProject
Project("{2150E333-8FDC-42A3-9474-1A3956D46DE8}") = "net8.0", "net8.0", "{D728B52A-8289-6EB0-A50A-44C75E9B27C1}"
EndProject
Project("{FAE04EC0-301F-11D3-BF4B-00C04F79EFBC}") = "WorkerExtensions", "backend\SpeakerNotes.Functions\obj\Debug\net8.0\WorkerExtensions\WorkerExtensions.csproj", "{27CF8808-47A3-5EC8-220F-8F06BC202128}"
EndProject
Project("{2150E333-8FDC-42A3-9474-1A3956D46DE8}") = "Release", "Release", "{E6E930D4-5BE3-ACBD-B0C3-4A6D0528272D}"
EndProject
Project("{2150E333-8FDC-42A3-9474-1A3956D46DE8}") = "net10.0", "net10.0", "{F9BA4744-925E-9949-191E-CEF498D12208}"
EndProject
Project("{FAE04EC0-301F-11D3-BF4B-00C04F79EFBC}") = "WorkerExtensions", "backend\SpeakerNotes.Functions\obj\Release\net10.0\WorkerExtensions\WorkerExtensions.csproj", "{0D2E4C8E-B219-020E-BA77-742E65F3276A}"
EndProject
Global
	GlobalSection(SolutionConfigurationPlatforms) = preSolution
		Debug|Any CPU = Debug|Any CPU
		Release|Any CPU = Release|Any CPU
	EndGlobalSection
	GlobalSection(ProjectConfigurationPlatforms) = postSolution
		{D92E59CD-CDB7-2C24-BA4F-64BDDE2F430B}.Debug|Any CPU.ActiveCfg = Debug|Any CPU
		{D92E59CD-CDB7-2C24-BA4F-64BDDE2F430B}.Debug|Any CPU.Build.0 = Debug|Any CPU
		{D92E59CD-CDB7-2C24-BA4F-64BDDE2F430B}.Release|Any CPU.ActiveCfg = Release|Any CPU
		{D92E59CD-CDB7-2C24-BA4F-64BDDE2F430B}.Release|Any CPU.Build.0 = Release|Any CPU
		{41A72CB2-F07D-27B4-2BB6-497693BBB488}.Debug|Any CPU.ActiveCfg = Debug|Any CPU
		{41A72CB2-F07D-27B4-2BB6-497693BBB488}.Debug|Any CPU.Build.0 = Debug|Any CPU
		{41A72CB2-F07D-27B4-2BB6-497693BBB488}.Release|Any CPU.ActiveCfg = Release|Any CPU
		{41A72CB2-F07D-27B4-2BB6-497693BBB488}.Release|Any CPU.Build.0 = Release|Any CPU
		{27CF8808-47A3-5EC8-220F-8F06BC202128}.Debug|Any CPU.ActiveCfg = Debug|Any CPU
		{27CF8808-47A3-5EC8-220F-8F06BC202128}.Debug|Any CPU.Build.0 = Debug|Any CPU
		{27CF8808-47A3-5EC8-220F-8F06BC202128}.Release|Any CPU.ActiveCfg = Release|Any CPU
		{27CF8808-47A3-5EC8-220F-8F06BC202128}.Release|Any CPU.Build.0 = Release|Any CPU
		{0D2E4C8E-B219-020E-BA77-742E65F3276A}.Debug|Any CPU.ActiveCfg = Debug|Any CPU
		{0D2E4C8E-B219-020E-BA77-742E65F3276A}.Debug|Any CPU.Build.0 = Debug|Any CPU
		{0D2E4C8E-B219-020E-BA77-742E65F3276A}.Release|Any CPU.ActiveCfg = Release|Any CPU
		{0D2E4C8E-B219-020E-BA77-742E65F3276A}.Release|Any CPU.Build.0 = Release|Any CPU
	EndGlobalSection
	GlobalSection(SolutionProperties) = preSolution
		HideSolutionNode = FALSE
	EndGlobalSection
	GlobalSection(NestedProjects) = preSolution
		{2D813135-76FB-3422-95D7-2057CBFC707A} = {1AE8ACA6-933B-BF2A-3671-3E2EAC007D16}
		{D92E59CD-CDB7-2C24-BA4F-64BDDE2F430B} = {2D813135-76FB-3422-95D7-2057CBFC707A}
		{3716EA3A-7620-38CE-873B-6493C57F70F9} = {2D813135-76FB-3422-95D7-2057CBFC707A}
		{26D521FB-C391-2449-72D3-BAA97D0EBB8A} = {3716EA3A-7620-38CE-873B-6493C57F70F9}
		{10261586-8A51-71E7-22E2-8CA8916CBBA2} = {26D521FB-C391-2449-72D3-BAA97D0EBB8A}
		{41A72CB2-F07D-27B4-2BB6-497693BBB488} = {10261586-8A51-71E7-22E2-8CA8916CBBA2}
		{D728B52A-8289-6EB0-A50A-44C75E9B27C1} = {26D521FB-C391-2449-72D3-BAA97D0EBB8A}
		{27CF8808-47A3-5EC8-220F-8F06BC202128} = {D728B52A-8289-6EB0-A50A-44C75E9B27C1}
		{E6E930D4-5BE3-ACBD-B0C3-4A6D0528272D} = {3716EA3A-7620-38CE-873B-6493C57F70F9}
		{F9BA4744-925E-9949-191E-CEF498D12208} = {E6E930D4-5BE3-ACBD-B0C3-4A6D0528272D}
		{0D2E4C8E-B219-020E-BA77-742E65F3276A} = {F9BA4744-925E-9949-191E-CEF498D12208}
	EndGlobalSection
	GlobalSection(ExtensibilityGlobals) = postSolution
		SolutionGuid = {0D0A1347-8539-4BFC-8189-1FCD3ED958D0}
	EndGlobalSection
EndGlobal
